// !$*UTF8*$!
{
	archiveVersion = 1;
	classes = {
	};
	objectVersion = 77;
	objects = {

/* Begin PBXBuildFile section */
		A00000000000000000000001 /* MAIChatLiveActivityExtension.appex in Embed App Extensions */ = {isa = PBXBuildFile; fileRef = A00000000000000000000002 /* MAIChatLiveActivityExtension.appex */; settings = {ATTRIBUTES = (RemoveHeadersOnCopy, ); }; };
/* End PBXBuildFile section */

/* Begin PBXContainerItemProxy section */
		A00000000000000000000003 /* PBXContainerItemProxy */ = {
			isa = PBXContainerItemProxy;
			containerPortal = A00000000000000000000004 /* Project object */;
			proxyType = 1;
			remoteGlobalIDString = A00000000000000000000005;
			remoteInfo = MAIChatLiveActivityExtension;
		};
/* End PBXContainerItemProxy section */

/* Begin PBXCopyFilesBuildPhase section */
		A00000000000000000000006 /* Embed App Extensions */ = {
			isa = PBXCopyFilesBuildPhase;
			buildActionMask = 2147483647;
			dstPath = "";
			dstSubfolderSpec = 13;
			files = (
				A00000000000000000000001 /* MAIChatLiveActivityExtension.appex in Embed App Extensions */,
			);
			name = "Embed App Extensions";
			runOnlyForDeploymentPostprocessing = 0;
		};
/* End PBXCopyFilesBuildPhase section */

/* Begin PBXFileReference section */
		A00000000000000000000002 /* MAIChatLiveActivityExtension.appex */ = {isa = PBXFileReference; explicitFileType = "wrapper.app-extension"; includeInIndex = 0; path = MAIChatLiveActivityExtension.appex; sourceTree = BUILT_PRODUCTS_DIR; };
		A00000000000000000000007 /* MAIChat.app */ = {isa = PBXFileReference; explicitFileType = wrapper.application; includeInIndex = 0; path = MAIChat.app; sourceTree = BUILT_PRODUCTS_DIR; };
/* End PBXFileReference section */

/* Begin PBXFileSystemSynchronizedBuildFileExceptionSet section */
		A00000000000000000000008 /* Exceptions for "MAIChat" folder in "MAIChat" target */ = {
			isa = PBXFileSystemSynchronizedBuildFileExceptionSet;
			membershipExceptions = (
				Info.plist,
			);
			target = A00000000000000000000009 /* MAIChat */;
		};
		A0000000000000000000000A /* Exceptions for "MAIChatLiveActivityExtension" folder in "MAIChatLiveActivityExtension" target */ = {
			isa = PBXFileSystemSynchronizedBuildFileExceptionSet;
			membershipExceptions = (
				Info.plist,
			);
			target = A00000000000000000000005 /* MAIChatLiveActivityExtension */;
		};
/* End PBXFileSystemSynchronizedBuildFileExceptionSet section */

/* Begin PBXFileSystemSynchronizedRootGroup section */
		A0000000000000000000000B /* MAIChat */ = {
			isa = PBXFileSystemSynchronizedRootGroup;
			exceptions = (
				A00000000000000000000008 /* Exceptions for "MAIChat" folder in "MAIChat" target */,
			);
			path = MAIChat;
			sourceTree = "<group>";
		};
		A0000000000000000000000C /* MAIChatLiveActivityExtension */ = {
			isa = PBXFileSystemSynchronizedRootGroup;
			exceptions = (
				A0000000000000000000000A /* Exceptions for "MAIChatLiveActivityExtension" folder in "MAIChatLiveActivityExtension" target */,
			);
			path = MAIChatLiveActivityExtension;
			sourceTree = "<group>";
		};
		A0000000000000000000000D /* Shared */ = {
			isa = PBXFileSystemSynchronizedRootGroup;
			path = Shared;
			sourceTree = "<group>";
		};
/* End PBXFileSystemSynchronizedRootGroup section */

/* Begin PBXFrameworksBuildPhase section */
		A0000000000000000000000E /* Frameworks */ = {
			isa = PBXFrameworksBuildPhase;
			buildActionMask = 2147483647;
			files = (
			);
			runOnlyForDeploymentPostprocessing = 0;
		};
		A0000000000000000000000F /* Frameworks */ = {
			isa = PBXFrameworksBuildPhase;
			buildActionMask = 2147483647;
			files = (
			);
			runOnlyForDeploymentPostprocessing = 0;
		};
/* End PBXFrameworksBuildPhase section */

/* Begin PBXGroup section */
		A00000000000000000000010 = {
			isa = PBXGroup;
			children = (
				A0000000000000000000000B /* MAIChat */,
				A0000000000000000000000C /* MAIChatLiveActivityExtension */,
				A0000000000000000000000D /* Shared */,
				A00000000000000000000011 /* Products */,
			);
			sourceTree = "<group>";
		};
		A00000000000000000000011 /* Products */ = {
			isa = PBXGroup;
			children = (
				A00000000000000000000007 /* MAIChat.app */,
				A00000000000000000000002 /* MAIChatLiveActivityExtension.appex */,
			);
			name = Products;
			sourceTree = "<group>";
		};
/* End PBXGroup section */

/* Begin PBXNativeTarget section */
		A00000000000000000000005 /* MAIChatLiveActivityExtension */ = {
			isa = PBXNativeTarget;
			buildConfigurationList = A00000000000000000000016 /* Build configuration list for PBXNativeTarget "MAIChatLiveActivityExtension" */;
			buildPhases = (
				A00000000000000000000017 /* Sources */,
				A0000000000000000000000F /* Frameworks */,
				A00000000000000000000018 /* Resources */,
			);
			buildRules = (
			);
			dependencies = (
			);
			fileSystemSynchronizedGroups = (
				A0000000000000000000000C /* MAIChatLiveActivityExtension */,
				A0000000000000000000000D /* Shared */,
			);
			name = MAIChatLiveActivityExtension;
			packageProductDependencies = (
			);
			productName = MAIChatLiveActivityExtension;
			productReference = A00000000000000000000002 /* MAIChatLiveActivityExtension.appex */;
			productType = "com.apple.product-type.app-extension";
		};
		A00000000000000000000009 /* MAIChat */ = {
			isa = PBXNativeTarget;
			buildConfigurationList = A00000000000000000000012 /* Build configuration list for PBXNativeTarget "MAIChat" */;
			buildPhases = (
				A00000000000000000000013 /* Sources */,
				A0000000000000000000000E /* Frameworks */,
				A00000000000000000000014 /* Resources */,
				A00000000000000000000006 /* Embed App Extensions */,
			);
			buildRules = (
			);
			dependencies = (
				A00000000000000000000015 /* PBXTargetDependency */,
			);
			fileSystemSynchronizedGroups = (
				A0000000000000000000000B /* MAIChat */,
				A0000000000000000000000D /* Shared */,
			);
			name = MAIChat;
			packageProductDependencies = (
			);
			productName = MAIChat;
			productReference = A00000000000000000000007 /* MAIChat.app */;
			productType = "com.apple.product-type.application";
		};
/* End PBXNativeTarget section */

/* Begin PBXProject section */
		A00000000000000000000004 /* Project object */ = {
			isa = PBXProject;
			attributes = {
				BuildIndependentTargetsInParallel = 1;
				LastSwiftUpdateCheck = 2640;
				LastUpgradeCheck = 2640;
				TargetAttributes = {
					A00000000000000000000005 = {
						CreatedOnToolsVersion = 26.4.1;
					};
					A00000000000000000000009 = {
						CreatedOnToolsVersion = 26.4.1;
					};
				};
			};
			buildConfigurationList = A00000000000000000000019 /* Build configuration list for PBXProject "MAIChat" */;
			developmentRegion = en;
			hasScannedForEncodings = 0;
			knownRegions = (
				en,
				Base,
			);
			mainGroup = A00000000000000000000010;
			minimizedProjectReferenceProxies = 1;
			preferredProjectObjectVersion = 77;
			productRefGroup = A00000000000000000000011 /* Products */;
			projectDirPath = "";
			projectRoot = "";
			targets = (
				A00000000000000000000009 /* MAIChat */,
				A00000000000000000000005 /* MAIChatLiveActivityExtension */,
			);
		};
/* End PBXProject section */

/* Begin PBXResourcesBuildPhase section */
		A00000000000000000000014 /* Resources */ = {
			isa = PBXResourcesBuildPhase;
			buildActionMask = 2147483647;
			files = (
			);
			runOnlyForDeploymentPostprocessing = 0;
		};
		A00000000000000000000018 /* Resources */ = {
			isa = PBXResourcesBuildPhase;
			buildActionMask = 2147483647;
			files = (
			);
			runOnlyForDeploymentPostprocessing = 0;
		};
/* End PBXResourcesBuildPhase section */

/* Begin PBXSourcesBuildPhase section */
		A00000000000000000000013 /* Sources */ = {
			isa = PBXSourcesBuildPhase;
			buildActionMask = 2147483647;
			files = (
			);
			runOnlyForDeploymentPostprocessing = 0;
		};
		A00000000000000000000017 /* Sources */ = {
			isa = PBXSourcesBuildPhase;
			buildActionMask = 2147483647;
			files = (
			);
			runOnlyForDeploymentPostprocessing = 0;
		};
/* End PBXSourcesBuildPhase section */

/* Begin PBXTargetDependency section */
		A00000000000000000000015 /* PBXTargetDependency */ = {
			isa = PBXTargetDependency;
			target = A00000000000000000000005 /* MAIChatLiveActivityExtension */;
			targetProxy = A00000000000000000000003 /* PBXContainerItemProxy */;
		};
/* End PBXTargetDependency section */

/* Begin XCBuildConfiguration section */
		A0000000000000000000001A /* Debug */ = {
			isa = XCBuildConfiguration;
			buildSettings = {
				ALWAYS_SEARCH_USER_PATHS = NO;
				CLANG_ANALYZER_NONNULL = YES;
				CLANG_ENABLE_MODULES = YES;
				CLANG_ENABLE_OBJC_ARC = YES;
				COPY_PHASE_STRIP = NO;
				DEBUG_INFORMATION_FORMAT = dwarf;
				DEVELOPMENT_LANGUAGE = en;
				ENABLE_STRICT_OBJC_MSGSEND = YES;
				ENABLE_TESTABILITY = YES;
				GCC_NO_COMMON_BLOCKS = YES;
				GCC_OPTIMIZATION_LEVEL = 0;
				IPHONEOS_DEPLOYMENT_TARGET = 26.0;
				ONLY_ACTIVE_ARCH = YES;
				SDKROOT = iphoneos;
				SWIFT_ACTIVE_COMPILATION_CONDITIONS = DEBUG;
				SWIFT_OPTIMIZATION_LEVEL = "-Onone";
				SWIFT_VERSION = 6.0;
			};
			name = Debug;
		};
		A0000000000000000000001B /* Release */ = {
			isa = XCBuildConfiguration;
			buildSettings = {
				ALWAYS_SEARCH_USER_PATHS = NO;
				CLANG_ANALYZER_NONNULL = YES;
				CLANG_ENABLE_MODULES = YES;
				CLANG_ENABLE_OBJC_ARC = YES;
				COPY_PHASE_STRIP = NO;
				DEBUG_INFORMATION_FORMAT = "dwarf-with-dsym";
				DEVELOPMENT_LANGUAGE = en;
				ENABLE_NS_ASSERTIONS = NO;
				ENABLE_STRICT_OBJC_MSGSEND = YES;
				GCC_NO_COMMON_BLOCKS = YES;
				IPHONEOS_DEPLOYMENT_TARGET = 26.0;
				SDKROOT = iphoneos;
				SWIFT_COMPILATION_MODE = wholemodule;
				SWIFT_OPTIMIZATION_LEVEL = "-O";
				SWIFT_VERSION = 6.0;
				VALIDATE_PRODUCT = YES;
			};
			name = Release;
		};
		A0000000000000000000001C /* Debug */ = {
			isa = XCBuildConfiguration;
			buildSettings = {
				ASSETCATALOG_COMPILER_APPICON_NAME = AppIcon;
				CODE_SIGN_STYLE = Automatic;
				CURRENT_PROJECT_VERSION = 1;
				DEVELOPMENT_TEAM = J5PTVY8BHH;
				GENERATE_INFOPLIST_FILE = NO;
				INFOPLIST_FILE = MAIChat/Info.plist;
				IPHONEOS_DEPLOYMENT_TARGET = 26.0;
				LD_RUNPATH_SEARCH_PATHS = (
					"$(inherited)",
					"@executable_path/Frameworks",
				);
				MARKETING_VERSION = 1.0;
				PRODUCT_BUNDLE_IDENTIFIER = dev.mai.chat;
				PRODUCT_NAME = "$(TARGET_NAME)";
				SUPPORTED_PLATFORMS = "iphoneos iphonesimulator";
				SUPPORTS_MACCATALYST = NO;
				SUPPORTS_MAC_DESIGNED_FOR_IPHONE_IPAD = NO;
				SWIFT_EMIT_LOC_STRINGS = YES;
				SWIFT_VERSION = 6.0;
				TARGETED_DEVICE_FAMILY = "1,2";
			};
			name = Debug;
		};
		A0000000000000000000001D /* Release */ = {
			isa = XCBuildConfiguration;
			buildSettings = {
				ASSETCATALOG_COMPILER_APPICON_NAME = AppIcon;
				CODE_SIGN_STYLE = Automatic;
				CURRENT_PROJECT_VERSION = 1;
				DEVELOPMENT_TEAM = J5PTVY8BHH;
				GENERATE_INFOPLIST_FILE = NO;
				INFOPLIST_FILE = MAIChat/Info.plist;
				IPHONEOS_DEPLOYMENT_TARGET = 26.0;
				LD_RUNPATH_SEARCH_PATHS = (
					"$(inherited)",
					"@executable_path/Frameworks",
				);
				MARKETING_VERSION = 1.0;
				PRODUCT_BUNDLE_IDENTIFIER = dev.mai.chat;
				PRODUCT_NAME = "$(TARGET_NAME)";
				SUPPORTED_PLATFORMS = "iphoneos iphonesimulator";
				SUPPORTS_MACCATALYST = NO;
				SUPPORTS_MAC_DESIGNED_FOR_IPHONE_IPAD = NO;
				SWIFT_EMIT_LOC_STRINGS = YES;
				SWIFT_VERSION = 6.0;
				TARGETED_DEVICE_FAMILY = "1,2";
			};
			name = Release;
		};
		A0000000000000000000001E /* Debug */ = {
			isa = XCBuildConfiguration;
			buildSettings = {
				APPLICATION_EXTENSION_API_ONLY = YES;
				CODE_SIGN_STYLE = Automatic;
				CURRENT_PROJECT_VERSION = 1;
				DEVELOPMENT_TEAM = J5PTVY8BHH;
				GENERATE_INFOPLIST_FILE = NO;
				INFOPLIST_FILE = MAIChatLiveActivityExtension/Info.plist;
				IPHONEOS_DEPLOYMENT_TARGET = 26.0;
				LD_RUNPATH_SEARCH_PATHS = (
					"$(inherited)",
					"@executable_path/Frameworks",
					"@executable_path/../../Frameworks",
				);
				MARKETING_VERSION = 1.0;
				PRODUCT_BUNDLE_IDENTIFIER = dev.mai.chat.LiveActivityExtension;
				PRODUCT_NAME = "$(TARGET_NAME)";
				SKIP_INSTALL = YES;
				SUPPORTED_PLATFORMS = "iphoneos iphonesimulator";
				SUPPORTS_MACCATALYST = NO;
				SUPPORTS_MAC_DESIGNED_FOR_IPHONE_IPAD = NO;
				SWIFT_EMIT_LOC_STRINGS = YES;
				SWIFT_VERSION = 6.0;
				TARGETED_DEVICE_FAMILY = "1,2";
			};
			name = Debug;
		};
		A0000000000000000000001F /* Release */ = {
			isa = XCBuildConfiguration;
			buildSettings = {
				APPLICATION_EXTENSION_API_ONLY = YES;
				CODE_SIGN_STYLE = Automatic;
				CURRENT_PROJECT_VERSION = 1;
				DEVELOPMENT_TEAM = J5PTVY8BHH;
				GENERATE_INFOPLIST_FILE = NO;
				INFOPLIST_FILE = MAIChatLiveActivityExtension/Info.plist;
				IPHONEOS_DEPLOYMENT_TARGET = 26.0;
				LD_RUNPATH_SEARCH_PATHS = (
					"$(inherited)",
					"@executable_path/Frameworks",
					"@executable_path/../../Frameworks",
				);
				MARKETING_VERSION = 1.0;
				PRODUCT_BUNDLE_IDENTIFIER = dev.mai.chat.LiveActivityExtension;
				PRODUCT_NAME = "$(TARGET_NAME)";
				SKIP_INSTALL = YES;
				SUPPORTED_PLATFORMS = "iphoneos iphonesimulator";
				SUPPORTS_MACCATALYST = NO;
				SUPPORTS_MAC_DESIGNED_FOR_IPHONE_IPAD = NO;
				SWIFT_EMIT_LOC_STRINGS = YES;
				SWIFT_VERSION = 6.0;
				TARGETED_DEVICE_FAMILY = "1,2";
			};
			name = Release;
		};
/* End XCBuildConfiguration section */

/* Begin XCConfigurationList section */
		A00000000000000000000012 /* Build configuration list for PBXNativeTarget "MAIChat" */ = {
			isa = XCConfigurationList;
			buildConfigurations = (
				A0000000000000000000001C /* Debug */,
				A0000000000000000000001D /* Release */,
			);
			defaultConfigurationIsVisible = 0;
			defaultConfigurationName = Release;
		};
		A00000000000000000000016 /* Build configuration list for PBXNativeTarget "MAIChatLiveActivityExtension" */ = {
			isa = XCConfigurationList;
			buildConfigurations = (
				A0000000000000000000001E /* Debug */,
				A0000000000000000000001F /* Release */,
			);
			defaultConfigurationIsVisible = 0;
			defaultConfigurationName = Release;
		};
		A00000000000000000000019 /* Build configuration list for PBXProject "MAIChat" */ = {
			isa = XCConfigurationList;
			buildConfigurations = (
				A0000000000000000000001A /* Debug */,
				A0000000000000000000001B /* Release */,
			);
			defaultConfigurationIsVisible = 0;
			defaultConfigurationName = Release;
		};
/* End XCConfigurationList section */
	};
	rootObject = A00000000000000000000004 /* Project object */;
}
