{
  "originHash" : "6d65bc844786c2b15119f87d99baa7c2527026c6b8c5804ddebd2e3efb88e7a6",
  "pins" : [
    {
      "identity" : "beautiful-mermaid-swift",
      "kind" : "remoteSourceControl",
      "location" : "https://github.com/trufae/beautiful-mermaid-swift",
      "state" : {
        "branch" : "piebars",
        "revision" : "e74e090072cf6e79c6ab4fe0cc1442cf047418ed"
      }
    },
    {
      "identity" : "elk-swift",
      "kind" : "remoteSourceControl",
      "location" : "https://github.com/lukilabs/elk-swift",
      "state" : {
        "revision" : "32f8042e3509a4819f00ff9cd46e829ec2b26da0",
        "version" : "1.0.2"
      }
    },
    {
      "identity" : "mlx-swift",
      "kind" : "remoteSourceControl",
      "location" : "https://github.com/ml-explore/mlx-swift",
      "state" : {
        "revision" : "dc43e62d7055353c7f99fa071a4e71d29dfddc44",
        "version" : "0.31.4"
      }
    },
    {
      "identity" : "mlx-swift-lm",
      "kind" : "remoteSourceControl",
      "location" : "https://github.com/ml-explore/mlx-swift-lm",
      "state" : {
        "revision" : "1c05248bb0899e2a7a4962b84d319cf12f4e12aa",
        "version" : "3.31.3"
      }
    },
    {
      "identity" : "swift-asn1",
      "kind" : "remoteSourceControl",
      "location" : "https://github.com/apple/swift-asn1.git",
      "state" : {
        "revision" : "a9a5efd40eaf558a2bcd48d64b1d1646be686008",
        "version" : "1.7.1"
      }
    },
    {
      "identity" : "swift-crypto",
      "kind" : "remoteSourceControl",
      "location" : "https://github.com/apple/swift-crypto.git",
      "state" : {
        "revision" : "1b6b2e274e85105bfa155183145a1dcfd63331f1",
        "version" : "4.5.0"
      }
    },
    {
      "identity" : "swift-filelock",
      "kind" : "remoteSourceControl",
      "location" : "https://github.com/DePasqualeOrg/swift-filelock",
      "state" : {
        "revision" : "3894dbeea7593724b847f7cff32a3e2b162b70a0",
        "version" : "0.1.1"
      }
    },
    {
      "identity" : "swift-hf-api",
      "kind" : "remoteSourceControl",
      "location" : "https://github.com/DePasqualeOrg/swift-hf-api",
      "state" : {
        "revision" : "985a673cbe2be9b61e1cbcbf062083ae6d648a8d",
        "version" : "0.3.2"
      }
    },
    {
      "identity" : "swift-hf-api-mlx",
      "kind" : "remoteSourceControl",
      "location" : "https://github.com/DePasqualeOrg/swift-hf-api-mlx",
      "state" : {
        "revision" : "83189f677280b85e22dd7fa11d12d97b245a2013",
        "version" : "0.2.0"
      }
    },
    {
      "identity" : "swift-numerics",
      "kind" : "remoteSourceControl",
      "location" : "https://github.com/apple/swift-numerics",
      "state" : {
        "revision" : "0c0290ff6b24942dadb83a929ffaaa1481df04a2",
        "version" : "1.1.1"
      }
    },
    {
      "identity" : "swift-sse",
      "kind" : "remoteSourceControl",
      "location" : "https://github.com/DePasqualeOrg/swift-sse",
      "state" : {
        "revision" : "c8e3f1a5d4cdf708c891bae1f2a975519627b65c",
        "version" : "0.1.0"
      }
    },
    {
      "identity" : "swift-syntax",
      "kind" : "remoteSourceControl",
      "location" : "https://github.com/swiftlang/swift-syntax.git",
      "state" : {
        "revision" : "0687f71944021d616d34d922343dcef086855920",
        "version" : "600.0.1"
      }
    },
    {
      "identity" : "swift-tokenizers",
      "kind" : "remoteSourceControl",
      "location" : "https://github.com/DePasqualeOrg/swift-tokenizers.git",
      "state" : {
        "revision" : "9cb02e836c1d8782a36ea02e7c437697ceff2ab8",
        "version" : "0.5.0"
      }
    },
    {
      "identity" : "swift-tokenizers-mlx",
      "kind" : "remoteSourceControl",
      "location" : "https://github.com/DePasqualeOrg/swift-tokenizers-mlx",
      "state" : {
        "revision" : "6fb48051a8b7e36707725d3ef2f876d6ed860250",
        "version" : "0.3.0"
      }
    },
    {
      "identity" : "swift-xet",
      "kind" : "remoteSourceControl",
      "location" : "https://github.com/DePasqualeOrg/swift-xet",
      "state" : {
        "revision" : "4395b0900c1d45614d323b9ba1109cd46dc1c1d7",
        "version" : "0.2.0"
      }
    }
  ],
  "version" : 3
}
